// !$*UTF8*$!
{
	archiveVersion = 1;
	classes = {
	};
	objectVersion = 56;
	objects = {

/* Begin PBXBuildFile section */
		1B238CA82A6FE7F400671F2D /* AppDelegate.swift in Sources */ = {isa = PBXBuildFile; fileRef = 1B238CA72A6FE7F400671F2D /* AppDelegate.swift */; };
		1B238CAA2A6FE7F400671F2D /* SceneDelegate.swift in Sources */ = {isa = PBXBuildFile; fileRef = 1B238CA92A6FE7F400671F2D /* SceneDelegate.swift */; };
		1B238CAC2A6FE7F400671F2D /* ViewController.swift in Sources */ = {isa = PBXBuildFile; fileRef = 1B238CAB2A6FE7F400671F2D /* ViewController.swift */; };
		1B238CAF2A6FE7F400671F2D /* Main.storyboard in Resources */ = {isa = PBXBuildFile; fileRef = 1B238CAD2A6FE7F400671F2D /* Main.storyboard */; };
		1B238CB12A6FE7F700671F2D /* Assets.xcassets in Resources */ = {isa = PBXBuildFile; fileRef = 1B238CB02A6FE7F700671F2D /* Assets.xcassets */; };
		1B238CB42A6FE7F700671F2D /* LaunchScreen.storyboard in Resources */ = {isa = PBXBuildFile; fileRef = 1B238CB22A6FE7F700671F2D /* LaunchScreen.storyboard */; };
		1B238CBF2A6FE7F700671F2D /* MapsProjTests.swift in Sources */ = {isa = PBXBuildFile; fileRef = 1B238CBE2A6FE7F700671F2D /* MapsProjTests.swift */; };
		1B238CC92A6FE7F700671F2D /* MapsProjUITests.swift in Sources */ = {isa = PBXBuildFile; fileRef = 1B238CC82A6FE7F700671F2D /* MapsProjUITests.swift */; };
		1B238CCB2A6FE7F700671F2D /* MapsProjUITestsLaunchTests.swift in Sources */ = {isa = PBXBuildFile; fileRef = 1B238CCA2A6FE7F700671F2D /* MapsProjUITestsLaunchTests.swift */; };
/* End PBXBuildFile section */

/* Begin PBXContainerItemProxy section */
		1B238CBB2A6FE7F700671F2D /* PBXContainerItemProxy */ = {
			isa = PBXContainerItemProxy;
			containerPortal = 1B238C9C2A6FE7F300671F2D /* Project object */;
			proxyType = 1;
			remoteGlobalIDString = 1B238CA32A6FE7F300671F2D;
			remoteInfo = MapsProj;
		};
		1B238CC52A6FE7F700671F2D /* PBXContainerItemProxy */ = {
			isa = PBXContainerItemProxy;
			containerPortal = 1B238C9C2A6FE7F300671F2D /* Project object */;
			proxyType = 1;
			remoteGlobalIDString = 1B238CA32A6FE7F300671F2D;
			remoteInfo = MapsProj;
		};
/* End PBXContainerItemProxy section */

/* Begin PBXFileReference section */
		1B238CA42A6FE7F400671F2D /* MapsProj.app */ = {isa = PBXFileReference; explicitFileType = wrapper.application; includeInIndex = 0; path = MapsProj.app; sourceTree = BUILT_PRODUCTS_DIR; };
		1B238CA72A6FE7F400671F2D /* AppDelegate.swift */ = {isa = PBXFileReference; lastKnownFileType = sourcecode.swift; path = AppDelegate.swift; sourceTree = "<group>"; };
		1B238CA92A6FE7F400671F2D /* SceneDelegate.swift */ = {isa = PBXFileReference; lastKnownFileType = sourcecode.swift; path = SceneDelegate.swift; sourceTree = "<group>"; };
		1B238CAB2A6FE7F400671F2D /* ViewController.swift */ = {isa = PBXFileReference; lastKnownFileType = sourcecode.swift; path = ViewController.swift; sourceTree = "<group>"; };
		1B238CAE2A6FE7F400671F2D /* Base */ = {isa = PBXFileReference; lastKnownFileType = file.storyboard; name = Base; path = Base.lproj/Main.storyboard; sourceTree = "<group>"; };
		1B238CB02A6FE7F700671F2D /* Assets.xcassets */ = {isa = PBXFileReference; lastKnownFileType = folder.assetcatalog; path = Assets.xcassets; sourceTree = "<group>"; };
		1B238CB32A6FE7F700671F2D /* Base */ = {isa = PBXFileReference; lastKnownFileType = file.storyboard; name = Base; path = Base.lproj/LaunchScreen.storyboard; sourceTree = "<group>"; };
		1B238CB52A6FE7F700671F2D /* Info.plist */ = {isa = PBXFileReference; lastKnownFileType = text.plist.xml; path = Info.plist; sourceTree = "<group>"; };
		1B238CBA2A6FE7F700671F2D /* MapsProjTests.xctest */ = {isa = PBXFileReference; explicitFileType = wrapper.cfbundle; includeInIndex = 0; path = MapsProjTests.xctest; sourceTree = BUILT_PRODUCTS_DIR; };
		1B238CBE2A6FE7F700671F2D /* MapsProjTests.swift */ = {isa = PBXFileReference; lastKnownFileType = sourcecode.swift; path = MapsProjTests.swift; sourceTree = "<group>"; };
		1B238CC42A6FE7F700671F2D /* MapsProjUITests.xctest */ = {isa = PBXFileReference; explicitFileType = wrapper.cfbundle; includeInIndex = 0; path = MapsProjUITests.xctest; sourceTree = BUILT_PRODUCTS_DIR; };
		1B238CC82A6FE7F700671F2D /* MapsProjUITests.swift */ = {isa = PBXFileReference; lastKnownFileType = sourcecode.swift; path = MapsProjUITests.swift; sourceTree = "<group>"; };
		1B238CCA2A6FE7F700671F2D /* MapsProjUITestsLaunchTests.swift */ = {isa = PBXFileReference; lastKnownFileType = sourcecode.swift; path = MapsProjUITestsLaunchTests.swift; sourceTree = "<group>"; };
/* End PBXFileReference section */

/* Begin PBXFrameworksBuildPhase section */
		1B238CA12A6FE7F300671F2D /* Frameworks */ = {
			isa = PBXFrameworksBuildPhase;
			buildActionMask = 2147483647;
			files = (
			);
			runOnlyForDeploymentPostprocessing = 0;
		};
		1B238CB72A6FE7F700671F2D /* Frameworks */ = {
			isa = PBXFrameworksBuildPhase;
			buildActionMask = 2147483647;
			files = (
			);
			runOnlyForDeploymentPostprocessing = 0;
		};
		1B238CC12A6FE7F700671F2D /* Frameworks */ = {
			isa = PBXFrameworksBuildPhase;
			buildActionMask = 2147483647;
			files = (
			);
			runOnlyForDeploymentPostprocessing = 0;
		};
/* End PBXFrameworksBuildPhase section */

/* Begin PBXGroup section */
		1B238C9B2A6FE7F300671F2D = {
			isa = PBXGroup;
			children = (
				1B238CA62A6FE7F400671F2D /* MapsProj */,
				1B238CBD2A6FE7F700671F2D /* MapsProjTests */,
				1B238CC72A6FE7F700671F2D /* MapsProjUITests */,
				1B238CA52A6FE7F400671F2D /* Products */,
			);
			sourceTree = "<group>";
		};
		1B238CA52A6FE7F400671F2D /* Products */ = {
			isa = PBXGroup;
			children = (
				1B238CA42A6FE7F400671F2D /* MapsProj.app */,
				1B238CBA2A6FE7F700671F2D /* MapsProjTests.xctest */,
				1B238CC42A6FE7F700671F2D /* MapsProjUITests.xctest */,
			);
			name = Products;
			sourceTree = "<group>";
		};
		1B238CA62A6FE7F400671F2D /* MapsProj */ = {
			isa = PBXGroup;
			children = (
				1B238CA72A6FE7F400671F2D /* AppDelegate.swift */,
				1B238CA92A6FE7F400671F2D /* SceneDelegate.swift */,
				1B238CAB2A6FE7F400671F2D /* ViewController.swift */,
				1B238CAD2A6FE7F400671F2D /* Main.storyboard */,
				1B238CB02A6FE7F700671F2D /* Assets.xcassets */,
				1B238CB22A6FE7F700671F2D /* LaunchScreen.storyboard */,
				1B238CB52A6FE7F700671F2D /* Info.plist */,
			);
			path = MapsProj;
			sourceTree = "<group>";
		};
		1B238CBD2A6FE7F700671F2D /* MapsProjTests */ = {
			isa = PBXGroup;
			children = (
				1B238CBE2A6FE7F700671F2D /* MapsProjTests.swift */,
			);
			path = MapsProjTests;
			sourceTree = "<group>";
		};
		1B238CC72A6FE7F700671F2D /* MapsProjUITests */ = {
			isa = PBXGroup;
			children = (
				1B238CC82A6FE7F700671F2D /* MapsProjUITests.swift */,
				1B238CCA2A6FE7F700671F2D /* MapsProjUITestsLaunchTests.swift */,
			);
			path = MapsProjUITests;
			sourceTree = "<group>";
		};
/* End PBXGroup section */

/* Begin PBXNativeTarget section */
		1B238CA32A6FE7F300671F2D /* MapsProj */ = {
			isa = PBXNativeTarget;
			buildConfigurationList = 1B238CCE2A6FE7F700671F2D /* Build configuration list for PBXNativeTarget "MapsProj" */;
			buildPhases = (
				1B238CA02A6FE7F300671F2D /* Sources */,
				1B238CA12A6FE7F300671F2D /* Frameworks */,
				1B238CA22A6FE7F300671F2D /* Resources */,
			);
			buildRules = (
			);
			dependencies = (
			);
			name = MapsProj;
			productName = MapsProj;
			productReference = 1B238CA42A6FE7F400671F2D /* MapsProj.app */;
			productType = "com.apple.product-type.application";
		};
		1B238CB92A6FE7F700671F2D /* MapsProjTests */ = {
			isa = PBXNativeTarget;
			buildConfigurationList = 1B238CD12A6FE7F700671F2D /* Build configuration list for PBXNativeTarget "MapsProjTests" */;
			buildPhases = (
				1B238CB62A6FE7F700671F2D /* Sources */,
				1B238CB72A6FE7F700671F2D /* Frameworks */,
				1B238CB82A6FE7F700671F2D /* Resources */,
			);
			buildRules = (
			);
			dependencies = (
				1B238CBC2A6FE7F700671F2D /* PBXTargetDependency */,
			);
			name = MapsProjTests;
			productName = MapsProjTests;
			productReference = 1B238CBA2A6FE7F700671F2D /* MapsProjTests.xctest */;
			productType = "com.apple.product-type.bundle.unit-test";
		};
		1B238CC32A6FE7F700671F2D /* MapsProjUITests */ = {
			isa = PBXNativeTarget;
			buildConfigurationList = 1B238CD42A6FE7F700671F2D /* Build configuration list for PBXNativeTarget "MapsProjUITests" */;
			buildPhases = (
				1B238CC02A6FE7F700671F2D /* Sources */,
				1B238CC12A6FE7F700671F2D /* Frameworks */,
				1B238CC22A6FE7F700671F2D /* Resources */,
			);
			buildRules = (
			);
			dependencies = (
				1B238CC62A6FE7F700671F2D /* PBXTargetDependency */,
			);
			name = MapsProjUITests;
			productName = MapsProjUITests;
			productReference = 1B238CC42A6FE7F700671F2D /* MapsProjUITests.xctest */;
			productType = "com.apple.product-type.bundle.ui-testing";
		};
/* End PBXNativeTarget section */

/* Begin PBXProject section */
		1B238C9C2A6FE7F300671F2D /* Project object */ = {
			isa = PBXProject;
			attributes = {
				BuildIndependentTargetsInParallel = 1;
				LastSwiftUpdateCheck = 1430;
				LastUpgradeCheck = 1430;
				TargetAttributes = {
					1B238CA32A6FE7F300671F2D = {
						CreatedOnToolsVersion = 14.3.1;
					};
					1B238CB92A6FE7F700671F2D = {
						CreatedOnToolsVersion = 14.3.1;
						TestTargetID = 1B238CA32A6FE7F300671F2D;
					};
					1B238CC32A6FE7F700671F2D = {
						CreatedOnToolsVersion = 14.3.1;
						TestTargetID = 1B238CA32A6FE7F300671F2D;
					};
				};
			};
			buildConfigurationList = 1B238C9F2A6FE7F300671F2D /* Build configuration list for PBXProject "MapsProj" */;
			compatibilityVersion = "Xcode 14.0";
			developmentRegion = en;
			hasScannedForEncodings = 0;
			knownRegions = (
				en,
				Base,
			);
			mainGroup = 1B238C9B2A6FE7F300671F2D;
			productRefGroup = 1B238CA52A6FE7F400671F2D /* Products */;
			projectDirPath = "";
			projectRoot = "";
			targets = (
				1B238CA32A6FE7F300671F2D /* MapsProj */,
				1B238CB92A6FE7F700671F2D /* MapsProjTests */,
				1B238CC32A6FE7F700671F2D /* MapsProjUITests */,
			);
		};
/* End PBXProject section */

/* Begin PBXResourcesBuildPhase section */
		1B238CA22A6FE7F300671F2D /* Resources */ = {
			isa = PBXResourcesBuildPhase;
			buildActionMask = 2147483647;
			files = (
				1B238CB42A6FE7F700671F2D /* LaunchScreen.storyboard in Resources */,
				1B238CB12A6FE7F700671F2D /* Assets.xcassets in Resources */,
				1B238CAF2A6FE7F400671F2D /* Main.storyboard in Resources */,
			);
			runOnlyForDeploymentPostprocessing = 0;
		};
		1B238CB82A6FE7F700671F2D /* Resources */ = {
			isa = PBXResourcesBuildPhase;
			buildActionMask = 2147483647;
			files = (
			);
			runOnlyForDeploymentPostprocessing = 0;
		};
		1B238CC22A6FE7F700671F2D /* Resources */ = {
			isa = PBXResourcesBuildPhase;
			buildActionMask = 2147483647;
			files = (
			);
			runOnlyForDeploymentPostprocessing = 0;
		};
/* End PBXResourcesBuildPhase section */

/* Begin PBXSourcesBuildPhase section */
		1B238CA02A6FE7F300671F2D /* Sources */ = {
			isa = PBXSourcesBuildPhase;
			buildActionMask = 2147483647;
			files = (
				1B238CAC2A6FE7F400671F2D /* ViewController.swift in Sources */,
				1B238CA82A6FE7F400671F2D /* AppDelegate.swift in Sources */,
				1B238CAA2A6FE7F400671F2D /* SceneDelegate.swift in Sources */,
			);
			runOnlyForDeploymentPostprocessing = 0;
		};
		1B238CB62A6FE7F700671F2D /* Sources */ = {
			isa = PBXSourcesBuildPhase;
			buildActionMask = 2147483647;
			files = (
				1B238CBF2A6FE7F700671F2D /* MapsProjTests.swift in Sources */,
			);
			runOnlyForDeploymentPostprocessing = 0;
		};
		1B238CC02A6FE7F700671F2D /* Sources */ = {
			isa = PBXSourcesBuildPhase;
			buildActionMask = 2147483647;
			files = (
				1B238CCB2A6FE7F700671F2D /* MapsProjUITestsLaunchTests.swift in Sources */,
				1B238CC92A6FE7F700671F2D /* MapsProjUITests.swift in Sources */,
			);
			runOnlyForDeploymentPostprocessing = 0;
		};
/* End PBXSourcesBuildPhase section */

/* Begin PBXTargetDependency section */
		1B238CBC2A6FE7F700671F2D /* PBXTargetDependency */ = {
			isa = PBXTargetDependency;
			target = 1B238CA32A6FE7F300671F2D /* MapsProj */;
			targetProxy = 1B238CBB2A6FE7F700671F2D /* PBXContainerItemProxy */;
		};
		1B238CC62A6FE7F700671F2D /* PBXTargetDependency */ = {
			isa = PBXTargetDependency;
			target = 1B238CA32A6FE7F300671F2D /* MapsProj */;
			targetProxy = 1B238CC52A6FE7F700671F2D /* PBXContainerItemProxy */;
		};
/* End PBXTargetDependency section */

/* Begin PBXVariantGroup section */
		1B238CAD2A6FE7F400671F2D /* Main.storyboard */ = {
			isa = PBXVariantGroup;
			children = (
				1B238CAE2A6FE7F400671F2D /* Base */,
			);
			name = Main.storyboard;
			sourceTree = "<group>";
		};
		1B238CB22A6FE7F700671F2D /* LaunchScreen.storyboard */ = {
			isa = PBXVariantGroup;
			children = (
				1B238CB32A6FE7F700671F2D /* Base */,
			);
			name = LaunchScreen.storyboard;
			sourceTree = "<group>";
		};
/* End PBXVariantGroup section */

/* Begin XCBuildConfiguration section */
		1B238CCC2A6FE7F700671F2D /* Debug */ = {
			isa = XCBuildConfiguration;
			buildSettings = {
				ALWAYS_SEARCH_USER_PATHS = NO;
				CLANG_ANALYZER_NONNULL = YES;
				CLANG_ANALYZER_NUMBER_OBJECT_CONVERSION = YES_AGGRESSIVE;
				CLANG_CXX_LANGUAGE_STANDARD = "gnu++20";
				CLANG_ENABLE_MODULES = YES;
				CLANG_ENABLE_OBJC_ARC = YES;
				CLANG_ENABLE_OBJC_WEAK = YES;
				CLANG_WARN_BLOCK_CAPTURE_AUTORELEASING = YES;
				CLANG_WARN_BOOL_CONVERSION = YES;
				CLANG_WARN_COMMA = YES;
				CLANG_WARN_CONSTANT_CONVERSION = YES;
				CLANG_WARN_DEPRECATED_OBJC_IMPLEMENTATIONS = YES;
				CLANG_WARN_DIRECT_OBJC_ISA_USAGE = YES_ERROR;
				CLANG_WARN_DOCUMENTATION_COMMENTS = YES;
				CLANG_WARN_EMPTY_BODY = YES;
				CLANG_WARN_ENUM_CONVERSION = YES;
				CLANG_WARN_INFINITE_RECURSION = YES;
				CLANG_WARN_INT_CONVERSION = YES;
				CLANG_WARN_NON_LITERAL_NULL_CONVERSION = YES;
				CLANG_WARN_OBJC_IMPLICIT_RETAIN_SELF = YES;
				CLANG_WARN_OBJC_LITERAL_CONVERSION = YES;
				CLANG_WARN_OBJC_ROOT_CLASS = YES_ERROR;
				CLANG_WARN_QUOTED_INCLUDE_IN_FRAMEWORK_HEADER = YES;
				CLANG_WARN_RANGE_LOOP_ANALYSIS = YES;
				CLANG_WARN_STRICT_PROTOTYPES = YES;
				CLANG_WARN_SUSPICIOUS_MOVE = YES;
				CLANG_WARN_UNGUARDED_AVAILABILITY = YES_AGGRESSIVE;
				CLANG_WARN_UNREACHABLE_CODE = YES;
				CLANG_WARN__DUPLICATE_METHOD_MATCH = YES;
				COPY_PHASE_STRIP = NO;
				DEBUG_INFORMATION_FORMAT = dwarf;
				ENABLE_STRICT_OBJC_MSGSEND = YES;
				ENABLE_TESTABILITY = YES;
				GCC_C_LANGUAGE_STANDARD = gnu11;
				GCC_DYNAMIC_NO_PIC = NO;
				GCC_NO_COMMON_BLOCKS = YES;
				GCC_OPTIMIZATION_LEVEL = 0;
				GCC_PREPROCESSOR_DEFINITIONS = (
					"DEBUG=1",
					"$(inherited)",
				);
				GCC_WARN_64_TO_32_BIT_CONVERSION = YES;
				GCC_WARN_ABOUT_RETURN_TYPE = YES_ERROR;
				GCC_WARN_UNDECLARED_SELECTOR = YES;
				GCC_WARN_UNINITIALIZED_AUTOS = YES_AGGRESSIVE;
				GCC_WARN_UNUSED_FUNCTION = YES;
				GCC_WARN_UNUSED_VARIABLE = YES;
				IPHONEOS_DEPLOYMENT_TARGET = 16.4;
				MTL_ENABLE_DEBUG_INFO = INCLUDE_SOURCE;
				MTL_FAST_MATH = YES;
				ONLY_ACTIVE_ARCH = YES;
				SDKROOT = iphoneos;
				SWIFT_ACTIVE_COMPILATION_CONDITIONS = DEBUG;
				SWIFT_OPTIMIZATION_LEVEL = "-Onone";
			};
			name = Debug;
		};
		1B238CCD2A6FE7F700671F2D /* Release */ = {
			isa = XCBuildConfiguration;
			buildSettings = {
				ALWAYS_SEARCH_USER_PATHS = NO;
				CLANG_ANALYZER_NONNULL = YES;
				CLANG_ANALYZER_NUMBER_OBJECT_CONVERSION = YES_AGGRESSIVE;
				CLANG_CXX_LANGUAGE_STANDARD = "gnu++20";
				CLANG_ENABLE_MODULES = YES;
				CLANG_ENABLE_OBJC_ARC = YES;
				CLANG_ENABLE_OBJC_WEAK = YES;
				CLANG_WARN_BLOCK_CAPTURE_AUTORELEASING = YES;
				CLANG_WARN_BOOL_CONVERSION = YES;
				CLANG_WARN_COMMA = YES;
				CLANG_WARN_CONSTANT_CONVERSION = YES;
				CLANG_WARN_DEPRECATED_OBJC_IMPLEMENTATIONS = YES;
				CLANG_WARN_DIRECT_OBJC_ISA_USAGE = YES_ERROR;
				CLANG_WARN_DOCUMENTATION_COMMENTS = YES;
				CLANG_WARN_EMPTY_BODY = YES;
				CLANG_WARN_ENUM_CONVERSION = YES;
				CLANG_WARN_INFINITE_RECURSION = YES;
				CLANG_WARN_INT_CONVERSION = YES;
				CLANG_WARN_NON_LITERAL_NULL_CONVERSION = YES;
				CLANG_WARN_OBJC_IMPLICIT_RETAIN_SELF = YES;
				CLANG_WARN_OBJC_LITERAL_CONVERSION = YES;
				CLANG_WARN_OBJC_ROOT_CLASS = YES_ERROR;
				CLANG_WARN_QUOTED_INCLUDE_IN_FRAMEWORK_HEADER = YES;
				CLANG_WARN_RANGE_LOOP_ANALYSIS = YES;
				CLANG_WARN_STRICT_PROTOTYPES = YES;
				CLANG_WARN_SUSPICIOUS_MOVE = YES;
				CLANG_WARN_UNGUARDED_AVAILABILITY = YES_AGGRESSIVE;
				CLANG_WARN_UNREACHABLE_CODE = YES;
				CLANG_WARN__DUPLICATE_METHOD_MATCH = YES;
				COPY_PHASE_STRIP = NO;
				DEBUG_INFORMATION_FORMAT = "dwarf-with-dsym";
				ENABLE_NS_ASSERTIONS = NO;
				ENABLE_STRICT_OBJC_MSGSEND = YES;
				GCC_C_LANGUAGE_STANDARD = gnu11;
				GCC_NO_COMMON_BLOCKS = YES;
				GCC_WARN_64_TO_32_BIT_CONVERSION = YES;
				GCC_WARN_ABOUT_RETURN_TYPE = YES_ERROR;
				GCC_WARN_UNDECLARED_SELECTOR = YES;
				GCC_WARN_UNINITIALIZED_AUTOS = YES_AGGRESSIVE;
				GCC_WARN_UNUSED_FUNCTION = YES;
				GCC_WARN_UNUSED_VARIABLE = YES;
				IPHONEOS_DEPLOYMENT_TARGET = 16.4;
				MTL_ENABLE_DEBUG_INFO = NO;
				MTL_FAST_MATH = YES;
				SDKROOT = iphoneos;
				SWIFT_COMPILATION_MODE = wholemodule;
				SWIFT_OPTIMIZATION_LEVEL = "-O";
				VALIDATE_PRODUCT = YES;
			};
			name = Release;
		};
		1B238CCF2A6FE7F700671F2D /* Debug */ = {
			isa = XCBuildConfiguration;
			buildSettings = {
				ASSETCATALOG_COMPILER_APPICON_NAME = AppIcon;
				ASSETCATALOG_COMPILER_GLOBAL_ACCENT_COLOR_NAME = AccentColor;
				CODE_SIGN_STYLE = Automatic;
				CURRENT_PROJECT_VERSION = 1;
				DEVELOPMENT_TEAM = 6PFYL3M3A5;
				GENERATE_INFOPLIST_FILE = YES;
				INFOPLIST_FILE = MapsProj/Info.plist;
				INFOPLIST_KEY_UIApplicationSupportsIndirectInputEvents = YES;
				INFOPLIST_KEY_UILaunchStoryboardName = LaunchScreen;
				INFOPLIST_KEY_UIMainStoryboardFile = Main;
				INFOPLIST_KEY_UISupportedInterfaceOrientations_iPad = "UIInterfaceOrientationPortrait UIInterfaceOrientationPortraitUpsideDown UIInterfaceOrientationLandscapeLeft UIInterfaceOrientationLandscapeRight";
				INFOPLIST_KEY_UISupportedInterfaceOrientations_iPhone = "UIInterfaceOrientationPortrait UIInterfaceOrientationLandscapeLeft UIInterfaceOrientationLandscapeRight";
				LD_RUNPATH_SEARCH_PATHS = (
					"$(inherited)",
					"@executable_path/Frameworks",
				);
				MARKETING_VERSION = 1.0;
				PRODUCT_BUNDLE_IDENTIFIER = com.chizztectep.ru.MapsProj;
				PRODUCT_NAME = "$(TARGET_NAME)";
				SWIFT_EMIT_LOC_STRINGS = YES;
				SWIFT_VERSION = 5.0;
				TARGETED_DEVICE_FAMILY = "1,2";
			};
			name = Debug;
		};
		1B238CD02A6FE7F700671F2D /* Release */ = {
			isa = XCBuildConfiguration;
			buildSettings = {
				ASSETCATALOG_COMPILER_APPICON_NAME = AppIcon;
				ASSETCATALOG_COMPILER_GLOBAL_ACCENT_COLOR_NAME = AccentColor;
				CODE_SIGN_STYLE = Automatic;
				CURRENT_PROJECT_VERSION = 1;
				DEVELOPMENT_TEAM = 6PFYL3M3A5;
				GENERATE_INFOPLIST_FILE = YES;
				INFOPLIST_FILE = MapsProj/Info.plist;
				INFOPLIST_KEY_UIApplicationSupportsIndirectInputEvents = YES;
				INFOPLIST_KEY_UILaunchStoryboardName = LaunchScreen;
				INFOPLIST_KEY_UIMainStoryboardFile = Main;
				INFOPLIST_KEY_UISupportedInterfaceOrientations_iPad = "UIInterfaceOrientationPortrait UIInterfaceOrientationPortraitUpsideDown UIInterfaceOrientationLandscapeLeft UIInterfaceOrientationLandscapeRight";
				INFOPLIST_KEY_UISupportedInterfaceOrientations_iPhone = "UIInterfaceOrientationPortrait UIInterfaceOrientationLandscapeLeft UIInterfaceOrientationLandscapeRight";
				LD_RUNPATH_SEARCH_PATHS = (
					"$(inherited)",
					"@executable_path/Frameworks",
				);
				MARKETING_VERSION = 1.0;
				PRODUCT_BUNDLE_IDENTIFIER = com.chizztectep.ru.MapsProj;
				PRODUCT_NAME = "$(TARGET_NAME)";
				SWIFT_EMIT_LOC_STRINGS = YES;
				SWIFT_VERSION = 5.0;
				TARGETED_DEVICE_FAMILY = "1,2";
			};
			name = Release;
		};
		1B238CD22A6FE7F700671F2D /* Debug */ = {
			isa = XCBuildConfiguration;
			buildSettings = {
				ALWAYS_EMBED_SWIFT_STANDARD_LIBRARIES = YES;
				BUNDLE_LOADER = "$(TEST_HOST)";
				CODE_SIGN_STYLE = Automatic;
				CURRENT_PROJECT_VERSION = 1;
				DEVELOPMENT_TEAM = 6PFYL3M3A5;
				GENERATE_INFOPLIST_FILE = YES;
				IPHONEOS_DEPLOYMENT_TARGET = 16.4;
				MARKETING_VERSION = 1.0;
				PRODUCT_BUNDLE_IDENTIFIER = com.chizztectep.ru.MapsProjTests;
				PRODUCT_NAME = "$(TARGET_NAME)";
				SWIFT_EMIT_LOC_STRINGS = NO;
				SWIFT_VERSION = 5.0;
				TARGETED_DEVICE_FAMILY = "1,2";
				TEST_HOST = "$(BUILT_PRODUCTS_DIR)/MapsProj.app/$(BUNDLE_EXECUTABLE_FOLDER_PATH)/MapsProj";
			};
			name = Debug;
		};
		1B238CD32A6FE7F700671F2D /* Release */ = {
			isa = XCBuildConfiguration;
			buildSettings = {
				ALWAYS_EMBED_SWIFT_STANDARD_LIBRARIES = YES;
				BUNDLE_LOADER = "$(TEST_HOST)";
				CODE_SIGN_STYLE = Automatic;
				CURRENT_PROJECT_VERSION = 1;
				DEVELOPMENT_TEAM = 6PFYL3M3A5;
				GENERATE_INFOPLIST_FILE = YES;
				IPHONEOS_DEPLOYMENT_TARGET = 16.4;
				MARKETING_VERSION = 1.0;
				PRODUCT_BUNDLE_IDENTIFIER = com.chizztectep.ru.MapsProjTests;
				PRODUCT_NAME = "$(TARGET_NAME)";
				SWIFT_EMIT_LOC_STRINGS = NO;
				SWIFT_VERSION = 5.0;
				TARGETED_DEVICE_FAMILY = "1,2";
				TEST_HOST = "$(BUILT_PRODUCTS_DIR)/MapsProj.app/$(BUNDLE_EXECUTABLE_FOLDER_PATH)/MapsProj";
			};
			name = Release;
		};
		1B238CD52A6FE7F700671F2D /* Debug */ = {
			isa = XCBuildConfiguration;
			buildSettings = {
				ALWAYS_EMBED_SWIFT_STANDARD_LIBRARIES = YES;
				CODE_SIGN_STYLE = Automatic;
				CURRENT_PROJECT_VERSION = 1;
				DEVELOPMENT_TEAM = 6PFYL3M3A5;
				GENERATE_INFOPLIST_FILE = YES;
				MARKETING_VERSION = 1.0;
				PRODUCT_BUNDLE_IDENTIFIER = com.chizztectep.ru.MapsProjUITests;
				PRODUCT_NAME = "$(TARGET_NAME)";
				SWIFT_EMIT_LOC_STRINGS = NO;
				SWIFT_VERSION = 5.0;
				TARGETED_DEVICE_FAMILY = "1,2";
				TEST_TARGET_NAME = MapsProj;
			};
			name = Debug;
		};
		1B238CD62A6FE7F700671F2D /* Release */ = {
			isa = XCBuildConfiguration;
			buildSettings = {
				ALWAYS_EMBED_SWIFT_STANDARD_LIBRARIES = YES;
				CODE_SIGN_STYLE = Automatic;
				CURRENT_PROJECT_VERSION = 1;
				DEVELOPMENT_TEAM = 6PFYL3M3A5;
				GENERATE_INFOPLIST_FILE = YES;
				MARKETING_VERSION = 1.0;
				PRODUCT_BUNDLE_IDENTIFIER = com.chizztectep.ru.MapsProjUITests;
				PRODUCT_NAME = "$(TARGET_NAME)";
				SWIFT_EMIT_LOC_STRINGS = NO;
				SWIFT_VERSION = 5.0;
				TARGETED_DEVICE_FAMILY = "1,2";
				TEST_TARGET_NAME = MapsProj;
			};
			name = Release;
		};
/* End XCBuildConfiguration section */

/* Begin XCConfigurationList section */
		1B238C9F2A6FE7F300671F2D /* Build configuration list for PBXProject "MapsProj" */ = {
			isa = XCConfigurationList;
			buildConfigurations = (
				1B238CCC2A6FE7F700671F2D /* Debug */,
				1B238CCD2A6FE7F700671F2D /* Release */,
			);
			defaultConfigurationIsVisible = 0;
			defaultConfigurationName = Release;
		};
		1B238CCE2A6FE7F700671F2D /* Build configuration list for PBXNativeTarget "MapsProj" */ = {
			isa = XCConfigurationList;
			buildConfigurations = (
				1B238CCF2A6FE7F700671F2D /* Debug */,
				1B238CD02A6FE7F700671F2D /* Release */,
			);
			defaultConfigurationIsVisible = 0;
			defaultConfigurationName = Release;
		};
		1B238CD12A6FE7F700671F2D /* Build configuration list for PBXNativeTarget "MapsProjTests" */ = {
			isa = XCConfigurationList;
			buildConfigurations = (
				1B238CD22A6FE7F700671F2D /* Debug */,
				1B238CD32A6FE7F700671F2D /* Release */,
			);
			defaultConfigurationIsVisible = 0;
			defaultConfigurationName = Release;
		};
		1B238CD42A6FE7F700671F2D /* Build configuration list for PBXNativeTarget "MapsProjUITests" */ = {
			isa = XCConfigurationList;
			buildConfigurations = (
				1B238CD52A6FE7F700671F2D /* Debug */,
				1B238CD62A6FE7F700671F2D /* Release */,
			);
			defaultConfigurationIsVisible = 0;
			defaultConfigurationName = Release;
		};
/* End XCConfigurationList section */
	};
	rootObject = 1B238C9C2A6FE7F300671F2D /* Project object */;
}
